{
  "name": "whiteboard",
  "version": "1.0.0",
  "lockfileVersion": 3,
  "requires": true,
  "packages": {
    "": {
      "name": "whiteboard",
      "version": "1.0.0",
      "license": "ISC",
      "dependencies": {
        "litegraph.js": "^0.7.14"
      }
    },
    "node_modules/litegraph.js": {
      "version": "0.7.14",
      "resolved": "https://registry.npmjs.org/litegraph.js/-/litegraph.js-0.7.14.tgz",
      "integrity": "sha512-xVC0a/D3uLZkpdV/HxyrruDIWM0vMOoIhgaUQXYymQ8pKgbeQZKR0OfuI0c7IpQxC+M/uoc9BRDl2Fm0Q3bW0w=="
    }
  }
}
